
Microsoft Visual Studio Solution File, Format Version 12.00
# Visual Studio Version 16
VisualStudioVersion = 16.0.29001.49
MinimumVisualStudioVersion = 10.0.40219.1
Project("{FAE04EC0-301F-11D3-BF4B-00C04F79EFBC}") = "page 40", "page 40\page 40.csproj", "{1F1F7A1C-F29E-43D1-86B0-73058D726400}"
EndProject
Global
	GlobalSection(SolutionConfigurationPlatforms) = preSolution
		Debug|Any CPU = Debug|Any CPU
		Release|Any CPU = Release|Any CPU
	EndGlobalSection
	GlobalSection(ProjectConfigurationPlatforms) = postSolution
		{1F1F7A1C-F29E-43D1-86B0-73058D726400}.Debug|Any CPU.ActiveCfg = Debug|Any CPU
		{1F1F7A1C-F29E-43D1-86B0-73058D726400}.Debug|Any CPU.Build.0 = Debug|Any CPU
		{1F1F7A1C-F29E-43D1-86B0-73058D726400}.Release|Any CPU.ActiveCfg = Release|Any CPU
		{1F1F7A1C-F29E-43D1-86B0-73058D726400}.Release|Any CPU.Build.0 = Release|Any CPU
	EndGlobalSection
	GlobalSection(SolutionProperties) = preSolution
		HideSolutionNode = FALSE
	EndGlobalSection
	GlobalSection(ExtensibilityGlobals) = postSolution
		SolutionGuid = {09AB15DA-CE67-4177-8A50-2A0B86B8795E}
	EndGlobalSection
EndGlobal
